
Microsoft Visual Studio Solution File, Format Version 12.00
# Visual Studio Version 17
VisualStudioVersion = 17.14.36401.2
MinimumVisualStudioVersion = 10.0.40219.1
Project("{2150E333-8FDC-42A3-9474-1A3956D46DE8}") = "src", "src", "{02EA681E-C7D8-13C7-8484-4AC65E1B71E8}"
EndProject
Project("{2150E333-8FDC-42A3-9474-1A3956D46DE8}") = "tests", "tests", "{6E86DF74-42C3-4DAC-9E60-48B8A68DFE7B}"
EndProject
Project("{FAE04EC0-301F-11D3-BF4B-00C04F79EFBC}") = "CashFlow.Api", "src\CashFlow.Api\CashFlow.Api.csproj", "{C5DBC632-208F-4870-ABB0-A2D7750B31FF}"
EndProject
Project("{FAE04EC0-301F-11D3-BF4B-00C04F79EFBC}") = "CashFlow.Domain", "src\CashFlow.Domain\CashFlow.Domain.csproj", "{8FE2BAAB-7B59-47D9-86DD-D42ACDE14B9C}"
EndProject
Project("{FAE04EC0-301F-11D3-BF4B-00C04F79EFBC}") = "CashFlow.Application", "src\CashFlow.Application\CashFlow.Application.csproj", "{CC26A430-AE44-46B7-BE38-19E9899A461C}"
EndProject
Project("{FAE04EC0-301F-11D3-BF4B-00C04F79EFBC}") = "CashFlow.Communication", "src\CashFlow.Communication\CashFlow.Communication.csproj", "{CBE99F27-7953-4AB3-BBD8-4C4C9CD03260}"
EndProject
Project("{FAE04EC0-301F-11D3-BF4B-00C04F79EFBC}") = "CashFlow.Exception", "src\CashFlow.Exception\CashFlow.Exception.csproj", "{C890D82E-DA60-42CA-8ABF-DD9574449EC4}"
EndProject
Project("{FAE04EC0-301F-11D3-BF4B-00C04F79EFBC}") = "CashFlow.Infrastructure", "src\CashFlow.Infrastructure\CashFlow.Infrastructure.csproj", "{24E87F36-EB25-4CC6-992D-531740E42864}"
EndProject
Project("{FAE04EC0-301F-11D3-BF4B-00C04F79EFBC}") = "Validators.Tests", "tests\Validators.Tests\Validators.Tests.csproj", "{2389B2C0-E6E8-4C6B-B9B6-9B0444ED3DF7}"
EndProject
Project("{FAE04EC0-301F-11D3-BF4B-00C04F79EFBC}") = "CommonTestUtilities", "tests\CommonTestUtilities\CommonTestUtilities.csproj", "{C6DD61F7-BE9F-4A9E-8953-8AA8B345F075}"
EndProject
Global
	GlobalSection(SolutionConfigurationPlatforms) = preSolution
		Debug|Any CPU = Debug|Any CPU
		Release|Any CPU = Release|Any CPU
	EndGlobalSection
	GlobalSection(ProjectConfigurationPlatforms) = postSolution
		{C5DBC632-208F-4870-ABB0-A2D7750B31FF}.Debug|Any CPU.ActiveCfg = Debug|Any CPU
		{C5DBC632-208F-4870-ABB0-A2D7750B31FF}.Debug|Any CPU.Build.0 = Debug|Any CPU
		{C5DBC632-208F-4870-ABB0-A2D7750B31FF}.Release|Any CPU.ActiveCfg = Release|Any CPU
		{C5DBC632-208F-4870-ABB0-A2D7750B31FF}.Release|Any CPU.Build.0 = Release|Any CPU
		{8FE2BAAB-7B59-47D9-86DD-D42ACDE14B9C}.Debug|Any CPU.ActiveCfg = Debug|Any CPU
		{8FE2BAAB-7B59-47D9-86DD-D42ACDE14B9C}.Debug|Any CPU.Build.0 = Debug|Any CPU
		{8FE2BAAB-7B59-47D9-86DD-D42ACDE14B9C}.Release|Any CPU.ActiveCfg = Release|Any CPU
		{8FE2BAAB-7B59-47D9-86DD-D42ACDE14B9C}.Release|Any CPU.Build.0 = Release|Any CPU
		{CC26A430-AE44-46B7-BE38-19E9899A461C}.Debug|Any CPU.ActiveCfg = Debug|Any CPU
		{CC26A430-AE44-46B7-BE38-19E9899A461C}.Debug|Any CPU.Build.0 = Debug|Any CPU
		{CC26A430-AE44-46B7-BE38-19E9899A461C}.Release|Any CPU.ActiveCfg = Release|Any CPU
		{CC26A430-AE44-46B7-BE38-19E9899A461C}.Release|Any CPU.Build.0 = Release|Any CPU
		{CBE99F27-7953-4AB3-BBD8-4C4C9CD03260}.Debug|Any CPU.ActiveCfg = Debug|Any CPU
		{CBE99F27-7953-4AB3-BBD8-4C4C9CD03260}.Debug|Any CPU.Build.0 = Debug|Any CPU
		{CBE99F27-7953-4AB3-BBD8-4C4C9CD03260}.Release|Any CPU.ActiveCfg = Release|Any CPU
		{CBE99F27-7953-4AB3-BBD8-4C4C9CD03260}.Release|Any CPU.Build.0 = Release|Any CPU
		{C890D82E-DA60-42CA-8ABF-DD9574449EC4}.Debug|Any CPU.ActiveCfg = Debug|Any CPU
		{C890D82E-DA60-42CA-8ABF-DD9574449EC4}.Debug|Any CPU.Build.0 = Debug|Any CPU
		{C890D82E-DA60-42CA-8ABF-DD9574449EC4}.Release|Any CPU.ActiveCfg = Release|Any CPU
		{C890D82E-DA60-42CA-8ABF-DD9574449EC4}.Release|Any CPU.Build.0 = Release|Any CPU
		{24E87F36-EB25-4CC6-992D-531740E42864}.Debug|Any CPU.ActiveCfg = Debug|Any CPU
		{24E87F36-EB25-4CC6-992D-531740E42864}.Debug|Any CPU.Build.0 = Debug|Any CPU
		{24E87F36-EB25-4CC6-992D-531740E42864}.Release|Any CPU.ActiveCfg = Release|Any CPU
		{24E87F36-EB25-4CC6-992D-531740E42864}.Release|Any CPU.Build.0 = Release|Any CPU
		{2389B2C0-E6E8-4C6B-B9B6-9B0444ED3DF7}.Debug|Any CPU.ActiveCfg = Debug|Any CPU
		{2389B2C0-E6E8-4C6B-B9B6-9B0444ED3DF7}.Debug|Any CPU.Build.0 = Debug|Any CPU
		{2389B2C0-E6E8-4C6B-B9B6-9B0444ED3DF7}.Release|Any CPU.ActiveCfg = Release|Any CPU
		{2389B2C0-E6E8-4C6B-B9B6-9B0444ED3DF7}.Release|Any CPU.Build.0 = Release|Any CPU
		{C6DD61F7-BE9F-4A9E-8953-8AA8B345F075}.Debug|Any CPU.ActiveCfg = Debug|Any CPU
		{C6DD61F7-BE9F-4A9E-8953-8AA8B345F075}.Debug|Any CPU.Build.0 = Debug|Any CPU
		{C6DD61F7-BE9F-4A9E-8953-8AA8B345F075}.Release|Any CPU.ActiveCfg = Release|Any CPU
		{C6DD61F7-BE9F-4A9E-8953-8AA8B345F075}.Release|Any CPU.Build.0 = Release|Any CPU
	EndGlobalSection
	GlobalSection(SolutionProperties) = preSolution
		HideSolutionNode = FALSE
	EndGlobalSection
	GlobalSection(NestedProjects) = preSolution
		{C5DBC632-208F-4870-ABB0-A2D7750B31FF} = {02EA681E-C7D8-13C7-8484-4AC65E1B71E8}
		{8FE2BAAB-7B59-47D9-86DD-D42ACDE14B9C} = {02EA681E-C7D8-13C7-8484-4AC65E1B71E8}
		{CC26A430-AE44-46B7-BE38-19E9899A461C} = {02EA681E-C7D8-13C7-8484-4AC65E1B71E8}
		{CBE99F27-7953-4AB3-BBD8-4C4C9CD03260} = {02EA681E-C7D8-13C7-8484-4AC65E1B71E8}
		{C890D82E-DA60-42CA-8ABF-DD9574449EC4} = {02EA681E-C7D8-13C7-8484-4AC65E1B71E8}
		{24E87F36-EB25-4CC6-992D-531740E42864} = {02EA681E-C7D8-13C7-8484-4AC65E1B71E8}
		{2389B2C0-E6E8-4C6B-B9B6-9B0444ED3DF7} = {6E86DF74-42C3-4DAC-9E60-48B8A68DFE7B}
		{C6DD61F7-BE9F-4A9E-8953-8AA8B345F075} = {6E86DF74-42C3-4DAC-9E60-48B8A68DFE7B}
	EndGlobalSection
	GlobalSection(ExtensibilityGlobals) = postSolution
		SolutionGuid = {9D3F92BC-2A1C-4585-951C-15F97387D489}
	EndGlobalSection
EndGlobal
